
Microsoft Visual Studio Solution File, Format Version 12.00
# Visual Studio 15
VisualStudioVersion = 15.0.26124.0
MinimumVisualStudioVersion = 15.0.26124.0
Project("{2150E333-8FDC-42A3-9474-1A3956D46DE8}") = "src", "src", "{1BD84571-EE36-4FBB-8F74-03C4C59B20A5}"
EndProject
Project("{FAE04EC0-301F-11D3-BF4B-00C04F79EFBC}") = "DShop.Services.Orders", "src\DShop.Services.Orders\DShop.Services.Orders.csproj", "{33450E22-6643-419B-A1F0-090B0B75F66B}"
EndProject
Global
	GlobalSection(SolutionConfigurationPlatforms) = preSolution
		Debug|Any CPU = Debug|Any CPU
		Debug|x64 = Debug|x64
		Debug|x86 = Debug|x86
		Release|Any CPU = Release|Any CPU
		Release|x64 = Release|x64
		Release|x86 = Release|x86
	EndGlobalSection
	GlobalSection(SolutionProperties) = preSolution
		HideSolutionNode = FALSE
	EndGlobalSection
	GlobalSection(ProjectConfigurationPlatforms) = postSolution
		{33450E22-6643-419B-A1F0-090B0B75F66B}.Debug|Any CPU.ActiveCfg = Debug|Any CPU
		{33450E22-6643-419B-A1F0-090B0B75F66B}.Debug|Any CPU.Build.0 = Debug|Any CPU
		{33450E22-6643-419B-A1F0-090B0B75F66B}.Debug|x64.ActiveCfg = Debug|x64
		{33450E22-6643-419B-A1F0-090B0B75F66B}.Debug|x64.Build.0 = Debug|x64
		{33450E22-6643-419B-A1F0-090B0B75F66B}.Debug|x86.ActiveCfg = Debug|x86
		{33450E22-6643-419B-A1F0-090B0B75F66B}.Debug|x86.Build.0 = Debug|x86
		{33450E22-6643-419B-A1F0-090B0B75F66B}.Release|Any CPU.ActiveCfg = Release|Any CPU
		{33450E22-6643-419B-A1F0-090B0B75F66B}.Release|Any CPU.Build.0 = Release|Any CPU
		{33450E22-6643-419B-A1F0-090B0B75F66B}.Release|x64.ActiveCfg = Release|x64
		{33450E22-6643-419B-A1F0-090B0B75F66B}.Release|x64.Build.0 = Release|x64
		{33450E22-6643-419B-A1F0-090B0B75F66B}.Release|x86.ActiveCfg = Release|x86
		{33450E22-6643-419B-A1F0-090B0B75F66B}.Release|x86.Build.0 = Release|x86
	EndGlobalSection
	GlobalSection(NestedProjects) = preSolution
		{33450E22-6643-419B-A1F0-090B0B75F66B} = {1BD84571-EE36-4FBB-8F74-03C4C59B20A5}
	EndGlobalSection
EndGlobal
